{
  "version": 4,
  "terraform_version": "0.12.26",
  "serial": 30,
  "lineage": "ffccd716-3f75-b443-96c8-58a031f40bb3",
  "outputs": {},
  "resources": [
    {
      "module": "module.gce-ilb",
      "mode": "data",
      "type": "google_compute_network",
      "name": "network",
      "provider": "provider.google",
      "instances": [
        {
          "schema_version": 0,
          "attributes": {
            "description": "Default network for the project",
            "gateway_ipv4": "",
            "id": "projects/ctrl-space-projects/global/networks/default",
            "name": "default",
            "project": "ctrl-space-projects",
            "self_link": "https://www.googleapis.com/compute/v1/projects/ctrl-space-projects/global/networks/default",
            "subnetworks_self_links": [
              "https://www.googleapis.com/compute/v1/projects/ctrl-space-projects/regions/europe-west2/subnetworks/default",
              "https://www.googleapis.com/compute/v1/projects/ctrl-space-projects/regions/us-west3/subnetworks/default",
              "https://www.googleapis.com/compute/v1/projects/ctrl-space-projects/regions/europe-north1/subnetworks/default",
              "https://www.googleapis.com/compute/v1/projects/ctrl-space-projects/regions/us-west1/subnetworks/default",
              "https://www.googleapis.com/compute/v1/projects/ctrl-space-projects/regions/asia-east1/subnetworks/default",
              "https://www.googleapis.com/compute/v1/projects/ctrl-space-projects/regions/europe-west6/subnetworks/default",
              "https://www.googleapis.com/compute/v1/projects/ctrl-space-projects/regions/europe-west3/subnetworks/default",
              "https://www.googleapis.com/compute/v1/projects/ctrl-space-projects/regions/europe-west1/subnetworks/default",
              "https://www.googleapis.com/compute/v1/projects/ctrl-space-projects/regions/asia-northeast2/subnetworks/default",
              "https://www.googleapis.com/compute/v1/projects/ctrl-space-projects/regions/asia-south1/subnetworks/default",
              "https://www.googleapis.com/compute/v1/projects/ctrl-space-projects/regions/asia-southeast2/subnetworks/default",
              "https://www.googleapis.com/compute/v1/projects/ctrl-space-projects/regions/europe-west4/subnetworks/default",
              "https://www.googleapis.com/compute/v1/projects/ctrl-space-projects/regions/us-east1/subnetworks/default",
              "https://www.googleapis.com/compute/v1/projects/ctrl-space-projects/regions/asia-east2/subnetworks/default",
              "https://www.googleapis.com/compute/v1/projects/ctrl-space-projects/regions/southamerica-east1/subnetworks/default",
              "https://www.googleapis.com/compute/v1/projects/ctrl-space-projects/regions/us-east4/subnetworks/default",
              "https://www.googleapis.com/compute/v1/projects/ctrl-space-projects/regions/us-central1/subnetworks/default",
              "https://www.googleapis.com/compute/v1/projects/ctrl-space-projects/regions/northamerica-northeast1/subnetworks/default",
              "https://www.googleapis.com/compute/v1/projects/ctrl-space-projects/regions/asia-northeast1/subnetworks/default",
              "https://www.googleapis.com/compute/v1/projects/ctrl-space-projects/regions/us-west2/subnetworks/default",
              "https://www.googleapis.com/compute/v1/projects/ctrl-space-projects/regions/asia-southeast1/subnetworks/default",
              "https://www.googleapis.com/compute/v1/projects/ctrl-space-projects/regions/asia-northeast3/subnetworks/default",
              "https://www.googleapis.com/compute/v1/projects/ctrl-space-projects/regions/australia-southeast1/subnetworks/default",
              "https://www.googleapis.com/compute/v1/projects/ctrl-space-projects/regions/us-west4/subnetworks/default"
            ]
          }
        }
      ]
    },
    {
      "module": "module.gce-ilb",
      "mode": "data",
      "type": "google_compute_subnetwork",
      "name": "network",
      "provider": "provider.google",
      "instances": [
        {
          "schema_version": 0,
          "attributes": {
            "description": "",
            "gateway_address": "10.128.0.1",
            "id": "projects/ctrl-space-projects/regions/us-central1/subnetworks/default",
            "ip_cidr_range": "10.128.0.0/20",
            "name": "default",
            "network": "https://www.googleapis.com/compute/v1/projects/ctrl-space-projects/global/networks/default",
            "private_ip_google_access": false,
            "project": "ctrl-space-projects",
            "region": "us-central1",
            "secondary_ip_range": [],
            "self_link": "https://www.googleapis.com/compute/v1/projects/ctrl-space-projects/regions/us-central1/subnetworks/default"
          }
        }
      ]
    },
    {
      "module": "module.gce-ilb",
      "mode": "managed",
      "type": "google_compute_forwarding_rule",
      "name": "default",
      "provider": "provider.google",
      "instances": [
        {
          "schema_version": 0,
          "attributes": {
            "all_ports": false,
            "allow_global_access": false,
            "backend_service": "https://www.googleapis.com/compute/v1/projects/ctrl-space-projects/regions/us-central1/backendServices/deivee-test-ilb-with-http-hc",
            "creation_timestamp": "2020-06-09T09:00:55.455-07:00",
            "description": "",
            "id": "projects/ctrl-space-projects/regions/us-central1/forwardingRules/deivee-test-ilb",
            "ip_address": "10.128.0.41",
            "ip_protocol": "TCP",
            "ip_version": null,
            "load_balancing_scheme": "INTERNAL",
            "name": "deivee-test-ilb",
            "network": "https://www.googleapis.com/compute/v1/projects/ctrl-space-projects/global/networks/default",
            "network_tier": "PREMIUM",
            "port_range": "",
            "ports": [
              "80"
            ],
            "project": "ctrl-space-projects",
            "region": "us-central1",
            "self_link": "https://www.googleapis.com/compute/v1/projects/ctrl-space-projects/regions/us-central1/forwardingRules/deivee-test-ilb",
            "service_label": "",
            "service_name": "",
            "subnetwork": "https://www.googleapis.com/compute/v1/projects/ctrl-space-projects/regions/us-central1/subnetworks/default",
            "target": "",
            "timeouts": null
          },
          "private": "eyJlMmJmYjczMC1lY2FhLTExZTYtOGY4OC0zNDM2M2JjN2M0YzAiOnsiY3JlYXRlIjoyNDAwMDAwMDAwMDAsImRlbGV0ZSI6MjQwMDAwMDAwMDAwLCJ1cGRhdGUiOjI0MDAwMDAwMDAwMH19",
          "dependencies": [
            "module.gce-ilb.google_compute_health_check.http",
            "module.gce-ilb.google_compute_health_check.tcp",
            "module.gce-ilb.google_compute_region_backend_service.default"
          ]
        }
      ]
    },
    {
      "module": "module.gce-ilb",
      "mode": "managed",
      "type": "google_compute_health_check",
      "name": "http",
      "each": "list",
      "provider": "provider.google",
      "instances": [
        {
          "index_key": 0,
          "schema_version": 0,
          "attributes": {
            "check_interval_sec": 1,
            "creation_timestamp": "2020-06-09T09:00:30.990-07:00",
            "description": "",
            "healthy_threshold": 4,
            "http2_health_check": [],
            "http_health_check": [
              {
                "host": "35.193.100.213",
                "port": 80,
                "port_name": "health-check-port",
                "port_specification": "",
                "proxy_header": "NONE",
                "request_path": "/",
                "response": ""
              }
            ],
            "https_health_check": [],
            "id": "projects/ctrl-space-projects/global/healthChecks/deivee-test-ilb-hc-http",
            "name": "deivee-test-ilb-hc-http",
            "project": "ctrl-space-projects",
            "self_link": "https://www.googleapis.com/compute/v1/projects/ctrl-space-projects/global/healthChecks/deivee-test-ilb-hc-http",
            "ssl_health_check": [],
            "tcp_health_check": [],
            "timeout_sec": 1,
            "timeouts": null,
            "type": "HTTP",
            "unhealthy_threshold": 5
          },
          "private": "eyJlMmJmYjczMC1lY2FhLTExZTYtOGY4OC0zNDM2M2JjN2M0YzAiOnsiY3JlYXRlIjoyNDAwMDAwMDAwMDAsImRlbGV0ZSI6MjQwMDAwMDAwMDAwLCJ1cGRhdGUiOjI0MDAwMDAwMDAwMH19"
        }
      ]
    },
    {
      "module": "module.gce-ilb",
      "mode": "managed",
      "type": "google_compute_health_check",
      "name": "tcp",
      "each": "list",
      "provider": "provider.google",
      "instances": []
    },
    {
      "module": "module.gce-ilb",
      "mode": "managed",
      "type": "google_compute_region_backend_service",
      "name": "default",
      "provider": "provider.google",
      "instances": [
        {
          "schema_version": 1,
          "attributes": {
            "backend": [],
            "connection_draining_timeout_sec": 0,
            "creation_timestamp": "2020-06-09T09:00:43.194-07:00",
            "description": "",
            "fingerprint": "sURy_2UBGKw=",
            "health_checks": [
              "https://www.googleapis.com/compute/v1/projects/ctrl-space-projects/global/healthChecks/deivee-test-ilb-hc-http"
            ],
            "id": "projects/ctrl-space-projects/regions/us-central1/backendServices/deivee-test-ilb-with-http-hc",
            "load_balancing_scheme": "INTERNAL",
            "name": "deivee-test-ilb-with-http-hc",
            "project": "ctrl-space-projects",
            "protocol": "TCP",
            "region": "us-central1",
            "self_link": "https://www.googleapis.com/compute/v1/projects/ctrl-space-projects/regions/us-central1/backendServices/deivee-test-ilb-with-http-hc",
            "session_affinity": "NONE",
            "timeout_sec": 10,
            "timeouts": null
          },
          "private": "eyJlMmJmYjczMC1lY2FhLTExZTYtOGY4OC0zNDM2M2JjN2M0YzAiOnsiY3JlYXRlIjoyNDAwMDAwMDAwMDAsImRlbGV0ZSI6MjQwMDAwMDAwMDAwLCJ1cGRhdGUiOjI0MDAwMDAwMDAwMH0sInNjaGVtYV92ZXJzaW9uIjoiMSJ9",
          "dependencies": [
            "module.gce-ilb.google_compute_health_check.http",
            "module.gce-ilb.google_compute_health_check.tcp"
          ]
        }
      ]
    }
  ]
}
