{
  "version": 4,
  "terraform_version": "0.12.26",
  "serial": 13,
  "lineage": "ea9221f7-e325-13c5-786b-108a0d667613",
  "outputs": {
    "endpoint": {
      "value": "35.184.162.243",
      "type": "string"
    },
    "master_version": {
      "value": "1.14.10-gke.36",
      "type": "string"
    }
  },
  "resources": [
    {
      "mode": "managed",
      "type": "google_container_cluster",
      "name": "default",
      "provider": "provider.google",
      "instances": [
        {
          "schema_version": 1,
          "attributes": {
            "additional_zones": [],
            "addons_config": [
              {
                "cloudrun_config": [],
                "horizontal_pod_autoscaling": [],
                "http_load_balancing": [],
                "kubernetes_dashboard": [],
                "network_policy_config": [
                  {
                    "disabled": true
                  }
                ]
              }
            ],
            "authenticator_groups_config": [],
            "cluster_autoscaling": [
              {
                "auto_provisioning_defaults": [],
                "enabled": false,
                "resource_limits": []
              }
            ],
            "cluster_ipv4_cidr": "10.32.0.0/14",
            "default_max_pods_per_node": 110,
            "description": "Development cluster",
            "enable_binary_authorization": false,
            "enable_intranode_visibility": null,
            "enable_kubernetes_alpha": false,
            "enable_legacy_abac": false,
            "enable_shielded_nodes": false,
            "enable_tpu": null,
            "endpoint": "35.184.162.243",
            "id": "projects/ctrl-space-projects/locations/us-central1/clusters/ctrl-space-dev",
            "initial_node_count": 1,
            "instance_group_urls": [],
            "ip_allocation_policy": [],
            "label_fingerprint": "a9dc16a7",
            "location": "us-central1",
            "logging_service": "logging.googleapis.com/kubernetes",
            "maintenance_policy": [],
            "master_auth": [
              {
                "client_certificate": "",
                "client_certificate_config": [
                  {
                    "issue_client_certificate": false
                  }
                ],
                "client_key": "",
                "cluster_ca_certificate": "LS0tLS1CRUdJTiBDRVJUSUZJQ0FURS0tLS0tCk1JSURERENDQWZTZ0F3SUJBZ0lSQUxpeXo1M1hQeFZqYmdtVEdsaDUwWEl3RFFZSktvWklodmNOQVFFTEJRQXcKTHpFdE1Dc0dBMVVFQXhNa056VXlOakJoTldFdFlUQTFOaTAwTnpobUxUZ3lZell0TWpJME0yTmhZbUUyTVRNNQpNQjRYRFRJd01EWXdNekE1TXpBME9Gb1hEVEkxTURZd01qRXdNekEwT0Zvd0x6RXRNQ3NHQTFVRUF4TWtOelV5Ck5qQmhOV0V0WVRBMU5pMDBOemhtTFRneVl6WXRNakkwTTJOaFltRTJNVE01TUlJQklqQU5CZ2txaGtpRzl3MEIKQVFFRkFBT0NBUThBTUlJQkNnS0NBUUVBaXJVRnNLbitqaHFBK1dWa1pBcDNsN3NVbTlNOGcxNk9jVkFJcnh4NQpMdTEzY2hRbXZjOWlYaXlnZjJVdXJFN1dHOFB3MDVmWVY0UkpSODN4MmkzYmZxbzVQQm1sSVZYU2t2ejVtT2Z5CnFUSTlSL1lzRmplZkJ4SzZDbUpQd2xCZ1dSN09NZGRSSTlVaFk5OEVJKzN5clBlc0YyY2xtYW1KdkFhVHkzVW0KS09vM3hIeVVxb2J2OERuVm5KZ1pkVDJsR212N1MzcGVEWnpwTHd3ek1hbTMrb1FoTWErSVFkeG5ZNGU4TWNxRQp3YXlPSjM4bU52NTNHTWlMRk5HWWlIbnh3K3FyZzZLRSthOU9OTzZiRFJnQVg5UUxaTUd0VG9YYVlmcnk4TnMrCnJaemJidEErYmNMU3l2RFhBNURpMGNndFVCVTQwVVpWT1grcjFUblQzT2h2aXdJREFRQUJveU13SVRBT0JnTlYKSFE4QkFmOEVCQU1DQWdRd0R3WURWUjBUQVFIL0JBVXdBd0VCL3pBTkJna3Foa2lHOXcwQkFRc0ZBQU9DQVFFQQpBMlJwdTBLbDZPSlh6ZkttQ2F5N2ovQTlFWlJ0am4ralRmWDNvR3phOGppQXpSWGRDN3AvMzdockxHdEc1SWJECmdBN2pCQTRJamhVNTNqU3MvZlAySlR1L1UrL3lSOUNnTlMvbW1WM21rL1RRMTBZRHkxbGpZYm12d1ozTjArb1IKTDl1U2dpTzUxTXZoV1dRbUlHRmZWdFFRMzdWM05SclJzNkRKNDhVVGN0WkY0RXgwanRTdlpXWnB1ZXZzdG5LbgpSRzhLZURuUUU2ZUpvRUJKdnhjOEM5MGxuR2MxOFBmeU1YR2x1ZlhUTzhLNW1EOUhudjNRaGZKTnpIU1hBU2dzCkMvRGJEc25oQzRoT0ZZS0tKT0ZNd0tFMytDd2NJMXJac3pYdW41T281aHJYa29vTng3YURzL28vL0NJRGZ1T0kKVVZzMnpxcm5MQmIvdHh4cVIvcmpzZz09Ci0tLS0tRU5EIENFUlRJRklDQVRFLS0tLS0K",
                "password": "",
                "username": ""
              }
            ],
            "master_authorized_networks_config": [],
            "master_version": "1.14.10-gke.36",
            "min_master_version": null,
            "monitoring_service": "monitoring.googleapis.com/kubernetes",
            "name": "ctrl-space-dev",
            "network": "projects/ctrl-space-projects/global/networks/default",
            "network_policy": [
              {
                "enabled": false,
                "provider": "PROVIDER_UNSPECIFIED"
              }
            ],
            "node_config": [],
            "node_locations": [
              "us-central1-b",
              "us-central1-c",
              "us-central1-f"
            ],
            "node_pool": [],
            "node_version": "1.14.10-gke.36",
            "operation": null,
            "pod_security_policy_config": null,
            "private_cluster_config": [],
            "project": "ctrl-space-projects",
            "region": null,
            "remove_default_node_pool": true,
            "resource_labels": null,
            "resource_usage_export_config": [],
            "services_ipv4_cidr": "10.35.240.0/20",
            "subnetwork": "projects/ctrl-space-projects/regions/us-central1/subnetworks/default",
            "timeouts": null,
            "vertical_pod_autoscaling": [],
            "zone": null
          },
          "private": "eyJlMmJmYjczMC1lY2FhLTExZTYtOGY4OC0zNDM2M2JjN2M0YzAiOnsiY3JlYXRlIjoyNDAwMDAwMDAwMDAwLCJkZWxldGUiOjI0MDAwMDAwMDAwMDAsInJlYWQiOjI0MDAwMDAwMDAwMDAsInVwZGF0ZSI6MzYwMDAwMDAwMDAwMH0sInNjaGVtYV92ZXJzaW9uIjoiMSJ9"
        }
      ]
    },
    {
      "mode": "managed",
      "type": "google_container_node_pool",
      "name": "ctrl-space-dev",
      "provider": "provider.google",
      "instances": [
        {
          "status": "tainted",
          "schema_version": 1,
          "attributes": {
            "autoscaling": [],
            "cluster": "ctrl-space-dev",
            "id": "projects/ctrl-space-projects/locations/us-central1/clusters/ctrl-space-dev/nodePools/default-node-pool",
            "initial_node_count": null,
            "instance_group_urls": null,
            "location": "us-central1",
            "management": null,
            "max_pods_per_node": null,
            "name": "default-node-pool",
            "name_prefix": null,
            "node_config": [
              {
                "disk_size_gb": 0,
                "disk_type": "",
                "guest_accelerator": [],
                "image_type": "",
                "labels": {},
                "local_ssd_count": 0,
                "machine_type": "n1-standard-1",
                "metadata": {
                  "disable-legacy-endpoints": "true"
                },
                "min_cpu_platform": "",
                "oauth_scopes": [
                  "https://www.googleapis.com/auth/logging.write",
                  "https://www.googleapis/auth/monitoring"
                ],
                "preemptible": false,
                "sandbox_config": [],
                "service_account": "",
                "shielded_instance_config": [],
                "tags": null,
                "taint": [],
                "workload_metadata_config": []
              }
            ],
            "node_count": 1,
            "node_locations": [],
            "project": "ctrl-space-projects",
            "region": null,
            "timeouts": null,
            "upgrade_settings": null,
            "version": null,
            "zone": null
          },
          "private": "eyJlMmJmYjczMC1lY2FhLTExZTYtOGY4OC0zNDM2M2JjN2M0YzAiOnsiY3JlYXRlIjoxODAwMDAwMDAwMDAwLCJkZWxldGUiOjE4MDAwMDAwMDAwMDAsInVwZGF0ZSI6MTgwMDAwMDAwMDAwMH0sInNjaGVtYV92ZXJzaW9uIjoiMSJ9",
          "dependencies": [
            "google_container_cluster.default"
          ]
        }
      ]
    }
  ]
}
