{
  "version": 4,
  "terraform_version": "0.12.26",
  "serial": 2,
  "lineage": "77ddc196-a4f7-d847-db84-26bbb93fafb2",
  "outputs": {
    "image_out": {
      "value": "sha256:e40992c228a2a1414ba5e18b13a498f487704d4d3545e901fd54cc6573a5865e",
      "type": "string"
    }
  },
  "resources": [
    {
      "mode": "managed",
      "type": "docker_image",
      "name": "image_id",
      "provider": "provider.docker",
      "instances": [
        {
          "schema_version": 0,
          "attributes": {
            "id": "sha256:e40992c228a2a1414ba5e18b13a498f487704d4d3545e901fd54cc6573a5865eghost:alpine",
            "keep_locally": null,
            "latest": "sha256:e40992c228a2a1414ba5e18b13a498f487704d4d3545e901fd54cc6573a5865e",
            "name": "ghost:alpine",
            "pull_trigger": null,
            "pull_triggers": null
          },
          "private": "bnVsbA=="
        }
      ]
    }
  ]
}
