{
  "version": 4,
  "terraform_version": "0.12.26",
  "serial": 5,
  "lineage": "efe1a751-e7d9-d3d5-d8dd-1f570f644608",
  "outputs": {
    "container_name": {
      "value": "tutorial",
      "type": "string"
    },
    "gatway": {
      "value": "172.17.0.1",
      "type": "string"
    },
    "port_number_external": {
      "value": 80,
      "type": "number"
    }
  },
  "resources": [
    {
      "mode": "managed",
      "type": "docker_container",
      "name": "nginx",
      "provider": "provider.docker",
      "instances": [
        {
          "schema_version": 2,
          "attributes": {
            "attach": false,
            "bridge": "",
            "capabilities": [],
            "command": [
              "nginx",
              "-g",
              "daemon off;"
            ],
            "container_logs": null,
            "cpu_set": "",
            "cpu_shares": 0,
            "destroy_grace_seconds": null,
            "devices": [],
            "dns": null,
            "dns_opts": null,
            "dns_search": null,
            "domainname": "",
            "entrypoint": [
              "/docker-entrypoint.sh"
            ],
            "env": [
              "NGINX_VERSION=1.19.0",
              "NJS_VERSION=0.4.1",
              "PATH=/usr/local/sbin:/usr/local/bin:/usr/sbin:/usr/bin:/sbin:/bin",
              "PKG_RELEASE=1~buster"
            ],
            "exit_code": null,
            "gateway": "172.17.0.1",
            "group_add": null,
            "healthcheck": [],
            "host": [],
            "hostname": "511f782e9365",
            "id": "511f782e93655006b391ff307e45167aaa96b1f2b00001d17d9a3247894ace14",
            "image": "sha256:2622e6cca7ebbb6e310743abce3fc47335393e79171b9d76ba9d4f446ce7b163",
            "ip_address": "172.17.0.2",
            "ip_prefix_length": 16,
            "ipc_mode": "private",
            "labels": [
              {
                "label": "maintainer",
                "value": "NGINX Docker Maintainers \u003cdocker-maint@nginx.com\u003e"
              }
            ],
            "links": null,
            "log_driver": "json-file",
            "log_opts": null,
            "logs": false,
            "max_retry_count": 0,
            "memory": 0,
            "memory_swap": 0,
            "mounts": [],
            "must_run": true,
            "name": "tutorial",
            "network_alias": null,
            "network_data": [
              {
                "gateway": "172.17.0.1",
                "ip_address": "172.17.0.2",
                "ip_prefix_length": 16,
                "network_name": "bridge"
              }
            ],
            "network_mode": "default",
            "networks": null,
            "networks_advanced": [],
            "pid_mode": "",
            "ports": [
              {
                "external": 80,
                "internal": 80,
                "ip": "0.0.0.0",
                "protocol": "tcp"
              }
            ],
            "privileged": false,
            "publish_all_ports": false,
            "read_only": false,
            "restart": "no",
            "rm": false,
            "shm_size": 64,
            "start": true,
            "sysctls": null,
            "tmpfs": null,
            "ulimit": [],
            "upload": [],
            "user": "",
            "userns_mode": "",
            "volumes": [],
            "working_dir": ""
          },
          "private": "eyJzY2hlbWFfdmVyc2lvbiI6IjIifQ==",
          "dependencies": [
            "docker_image.nginx"
          ]
        }
      ]
    },
    {
      "mode": "managed",
      "type": "docker_image",
      "name": "nginx",
      "provider": "provider.docker",
      "instances": [
        {
          "schema_version": 0,
          "attributes": {
            "id": "sha256:2622e6cca7ebbb6e310743abce3fc47335393e79171b9d76ba9d4f446ce7b163nginx:latest",
            "keep_locally": false,
            "latest": "sha256:2622e6cca7ebbb6e310743abce3fc47335393e79171b9d76ba9d4f446ce7b163",
            "name": "nginx:latest",
            "pull_trigger": null,
            "pull_triggers": null
          },
          "private": "bnVsbA=="
        }
      ]
    }
  ]
}
