{
  "version": 4,
  "terraform_version": "0.12.26",
  "serial": 5,
  "lineage": "051a8b09-96ac-0117-06f9-ecfdbbcdb9a7",
  "outputs": {},
  "resources": [
    {
      "module": "module.image",
      "mode": "managed",
      "type": "docker_image",
      "name": "image_id",
      "provider": "provider.docker",
      "instances": [
        {
          "schema_version": 0,
          "attributes": {
            "id": "sha256:c8cb54a37ecf077cb13cd5dbfc79c1b727f6c40aabbbc170a43ef80ed7113514ghost:latest",
            "keep_locally": null,
            "latest": "sha256:c8cb54a37ecf077cb13cd5dbfc79c1b727f6c40aabbbc170a43ef80ed7113514",
            "name": "ghost:latest",
            "pull_trigger": null,
            "pull_triggers": null
          },
          "private": "bnVsbA=="
        }
      ]
    }
  ]
}
