{
  "version": 4,
  "terraform_version": "0.12.26",
  "serial": 20,
  "lineage": "ea9221f7-e325-13c5-786b-108a0d667613",
  "outputs": {
    "endpoint": {
      "value": "35.193.100.213",
      "type": "string"
    },
    "master_version": {
      "value": "1.14.10-gke.36",
      "type": "string"
    }
  },
  "resources": [
    {
      "mode": "managed",
      "type": "google_container_cluster",
      "name": "default",
      "provider": "provider.google",
      "instances": [
        {
          "schema_version": 1,
          "attributes": {
            "additional_zones": [],
            "addons_config": [
              {
                "cloudrun_config": [],
                "horizontal_pod_autoscaling": [],
                "http_load_balancing": [],
                "kubernetes_dashboard": [],
                "network_policy_config": [
                  {
                    "disabled": true
                  }
                ]
              }
            ],
            "authenticator_groups_config": [],
            "cluster_autoscaling": [
              {
                "auto_provisioning_defaults": [],
                "enabled": false,
                "resource_limits": []
              }
            ],
            "cluster_ipv4_cidr": "10.32.0.0/14",
            "default_max_pods_per_node": null,
            "description": "Development cluster",
            "enable_binary_authorization": false,
            "enable_intranode_visibility": null,
            "enable_kubernetes_alpha": false,
            "enable_legacy_abac": false,
            "enable_shielded_nodes": false,
            "enable_tpu": null,
            "endpoint": "35.193.100.213",
            "id": "projects/ctrl-space-projects/locations/us-central1/clusters/ctrl-space-dev",
            "initial_node_count": 1,
            "instance_group_urls": [],
            "ip_allocation_policy": [],
            "label_fingerprint": "a9dc16a7",
            "location": "us-central1",
            "logging_service": "logging.googleapis.com/kubernetes",
            "maintenance_policy": [],
            "master_auth": [
              {
                "client_certificate": "",
                "client_certificate_config": [
                  {
                    "issue_client_certificate": false
                  }
                ],
                "client_key": "",
                "cluster_ca_certificate": "LS0tLS1CRUdJTiBDRVJUSUZJQ0FURS0tLS0tCk1JSURDekNDQWZPZ0F3SUJBZ0lRZkFRcVJmai9RSHRJVk5jdWVmSmlQREFOQmdrcWhraUc5dzBCQVFzRkFEQXYKTVMwd0t3WURWUVFERXlRMU5XSXdZV1V5Wmkwek1EaGxMVFJqWVdNdFlqTTBaUzFsWXpOa01qQXdaR1l5T0RNdwpIaGNOTWpBd05qQTVNRGswT1RJNFdoY05NalV3TmpBNE1UQTBPVEk0V2pBdk1TMHdLd1lEVlFRREV5UTFOV0l3CllXVXlaaTB6TURobExUUmpZV010WWpNMFpTMWxZek5rTWpBd1pHWXlPRE13Z2dFaU1BMEdDU3FHU0liM0RRRUIKQVFVQUE0SUJEd0F3Z2dFS0FvSUJBUUM0MTVub2FCVVd4VHFvaHlkbVNUWE0yVzdnUzJadlloeVp5UUxIUjk1ZApCWUpQTm9NOU8wb0xwQysveWFHdGg3V1hhZHNHYlRiaksrdlhNSG1GK1VvQWpTZG1WYkJxQUI0MERzamxxK1ZXClBhYnRjUDBicWNyaGtxcDA5WVpxSkFPS1diVEV5Y0N5WEpDelFTdkRncGM3NTB3YzlMeDZ1MEhoREJZbmk0bWcKcUIrSERrSFppOG5icGNrRy83Y3JNOGZMSXdIWTY1OVgzVVdaRXZvc0s5YjRleGw4VHFhajlkQW9HbHJMVFZKVQpzeXlpaDUxSUdObE5xQzhLQ3dpcjBaZlNBems5RmlKREhIZmJleWM0MU96SEE3UCtXU1l0b3JEVW44SmRFbnQzCkZCSnoybnUrWk1nblZrUDhWVlhVMmc4bEdsNjYvZHdUcWFMMHFBV1ZVMjR4QWdNQkFBR2pJekFoTUE0R0ExVWQKRHdFQi93UUVBd0lDQkRBUEJnTlZIUk1CQWY4RUJUQURBUUgvTUEwR0NTcUdTSWIzRFFFQkN3VUFBNElCQVFBVQpkaXBqZVZXeHJYZ0IrRERyZnB5UlFDRk94WTc0c3VUQWpud2ZBTXE5SnVOQkV0MUVKdnhJQVVRbEFRZ01lQ0kzCm5aTkU3Z0FHZ01haUVCM0pveUl4Y1BxR3pJcHVGZHVCL2pCQmJ6VzFnc0Q0bzIzekcyMmZrSm91OXRyd1F0Z0QKWDIyRnZSV3RxUkRwbENQLzdka25hTkY4NFJYN3NzbEd1QW44dmRaWDM4R3dMdjFUM2RZVmJieTRZSnBFZ0pEdQova25PTWtNYnV5ckd0b1c0cDZxWCt3M09pU3dPaGZNYStxQUt3ZCt0ZE5HRW80ekhQMSsydGFYa0w3NEtnSTNNClNoNURJbGgvR0hucDBxYnAyWUhyUHRGTzlpVTB4WlVRWVRkdW44Z01EMzlQQzJzVFV4eWh5NThxU0lKbzRTYjQKdlVKTE5ZaHpSUWJhMG5WQWkyMnUKLS0tLS1FTkQgQ0VSVElGSUNBVEUtLS0tLQo=",
                "password": "",
                "username": ""
              }
            ],
            "master_authorized_networks_config": [],
            "master_version": "1.14.10-gke.36",
            "min_master_version": null,
            "monitoring_service": "monitoring.googleapis.com/kubernetes",
            "name": "ctrl-space-dev",
            "network": "projects/ctrl-space-projects/global/networks/default",
            "network_policy": [
              {
                "enabled": false,
                "provider": "PROVIDER_UNSPECIFIED"
              }
            ],
            "node_config": [],
            "node_locations": [
              "us-central1-a",
              "us-central1-c",
              "us-central1-f"
            ],
            "node_pool": [],
            "node_version": "1.14.10-gke.36",
            "operation": null,
            "pod_security_policy_config": null,
            "private_cluster_config": [],
            "project": "ctrl-space-projects",
            "region": null,
            "remove_default_node_pool": true,
            "resource_labels": null,
            "resource_usage_export_config": [],
            "services_ipv4_cidr": "10.35.240.0/20",
            "subnetwork": "projects/ctrl-space-projects/regions/us-central1/subnetworks/default",
            "timeouts": null,
            "vertical_pod_autoscaling": [],
            "zone": null
          },
          "private": "eyJlMmJmYjczMC1lY2FhLTExZTYtOGY4OC0zNDM2M2JjN2M0YzAiOnsiY3JlYXRlIjoyNDAwMDAwMDAwMDAwLCJkZWxldGUiOjI0MDAwMDAwMDAwMDAsInJlYWQiOjI0MDAwMDAwMDAwMDAsInVwZGF0ZSI6MzYwMDAwMDAwMDAwMH0sInNjaGVtYV92ZXJzaW9uIjoiMSJ9"
        }
      ]
    },
    {
      "mode": "managed",
      "type": "google_container_node_pool",
      "name": "ctrl-space-dev",
      "provider": "provider.google",
      "instances": [
        {
          "schema_version": 1,
          "attributes": {
            "autoscaling": [],
            "cluster": "ctrl-space-dev",
            "id": "projects/ctrl-space-projects/locations/us-central1/clusters/ctrl-space-dev/nodePools/default-node-pool",
            "initial_node_count": 1,
            "instance_group_urls": [
              "https://www.googleapis.com/compute/v1/projects/ctrl-space-projects/zones/us-central1-a/instanceGroupManagers/gke-ctrl-space-dev-default-node-pool-44d10564-grp",
              "https://www.googleapis.com/compute/v1/projects/ctrl-space-projects/zones/us-central1-c/instanceGroupManagers/gke-ctrl-space-dev-default-node-pool-cfa8395b-grp",
              "https://www.googleapis.com/compute/v1/projects/ctrl-space-projects/zones/us-central1-f/instanceGroupManagers/gke-ctrl-space-dev-default-node-pool-b7b1d7f1-grp"
            ],
            "location": "us-central1",
            "management": [
              {
                "auto_repair": true,
                "auto_upgrade": true
              }
            ],
            "max_pods_per_node": null,
            "name": "default-node-pool",
            "name_prefix": "",
            "node_config": [
              {
                "disk_size_gb": 100,
                "disk_type": "pd-standard",
                "guest_accelerator": [],
                "image_type": "COS",
                "labels": {},
                "local_ssd_count": 0,
                "machine_type": "n1-standard-1",
                "metadata": {
                  "disable-legacy-endpoints": "true"
                },
                "min_cpu_platform": "",
                "oauth_scopes": [
                  "https://www.googleapis.com/auth/logging.write",
                  "https://www.googleapis.com/auth/monitoring"
                ],
                "preemptible": false,
                "sandbox_config": [],
                "service_account": "default",
                "shielded_instance_config": [
                  {
                    "enable_integrity_monitoring": true,
                    "enable_secure_boot": false
                  }
                ],
                "tags": null,
                "taint": [],
                "workload_metadata_config": []
              }
            ],
            "node_count": 1,
            "node_locations": [
              "us-central1-a",
              "us-central1-c",
              "us-central1-f"
            ],
            "project": "ctrl-space-projects",
            "region": null,
            "timeouts": null,
            "upgrade_settings": [
              {
                "max_surge": 1,
                "max_unavailable": 0
              }
            ],
            "version": "1.14.10-gke.36",
            "zone": null
          },
          "private": "eyJlMmJmYjczMC1lY2FhLTExZTYtOGY4OC0zNDM2M2JjN2M0YzAiOnsiY3JlYXRlIjoxODAwMDAwMDAwMDAwLCJkZWxldGUiOjE4MDAwMDAwMDAwMDAsInVwZGF0ZSI6MTgwMDAwMDAwMDAwMH0sInNjaGVtYV92ZXJzaW9uIjoiMSJ9",
          "dependencies": [
            "google_container_cluster.default"
          ]
        }
      ]
    }
  ]
}
